
Microsoft Visual Studio Solution File, Format Version 12.00
# Visual Studio Version 17
VisualStudioVersion = 17.14.37314.3 d17.14
MinimumVisualStudioVersion = 10.0.40219.1
Project("{FAE04EC0-301F-11D3-BF4B-00C04F79EFBC}") = "Ecommerce", "Ecommerce\Ecommerce.csproj", "{6D83DDA6-414D-4AD5-B887-94E3FC5D8435}"
EndProject
Project("{FAE04EC0-301F-11D3-BF4B-00C04F79EFBC}") = "Ecommerce.domain", "Ecommerce.domain\Ecommerce.domain.csproj", "{94B5706C-E2B4-40E7-A09D-44D42AC2B051}"
EndProject
Project("{FAE04EC0-301F-11D3-BF4B-00C04F79EFBC}") = "Ecommerce.Infrastructure", "Ecommerce.Infrastructure\Ecommerce.Infrastructure.csproj", "{CA37B4CD-7230-4440-8C61-37ADED48317D}"
EndProject
Project("{FAE04EC0-301F-11D3-BF4B-00C04F79EFBC}") = "Ecommerce.Application", "Ecommerce.Application\Ecommerce.Application.csproj", "{79D26F96-8290-4DB0-BF64-18A0610E7069}"
EndProject
Global
	GlobalSection(SolutionConfigurationPlatforms) = preSolution
		Debug|Any CPU = Debug|Any CPU
		Release|Any CPU = Release|Any CPU
	EndGlobalSection
	GlobalSection(ProjectConfigurationPlatforms) = postSolution
		{6D83DDA6-414D-4AD5-B887-94E3FC5D8435}.Debug|Any CPU.ActiveCfg = Debug|Any CPU
		{6D83DDA6-414D-4AD5-B887-94E3FC5D8435}.Debug|Any CPU.Build.0 = Debug|Any CPU
		{6D83DDA6-414D-4AD5-B887-94E3FC5D8435}.Release|Any CPU.ActiveCfg = Release|Any CPU
		{6D83DDA6-414D-4AD5-B887-94E3FC5D8435}.Release|Any CPU.Build.0 = Release|Any CPU
		{94B5706C-E2B4-40E7-A09D-44D42AC2B051}.Debug|Any CPU.ActiveCfg = Debug|Any CPU
		{94B5706C-E2B4-40E7-A09D-44D42AC2B051}.Debug|Any CPU.Build.0 = Debug|Any CPU
		{94B5706C-E2B4-40E7-A09D-44D42AC2B051}.Release|Any CPU.ActiveCfg = Release|Any CPU
		{94B5706C-E2B4-40E7-A09D-44D42AC2B051}.Release|Any CPU.Build.0 = Release|Any CPU
		{CA37B4CD-7230-4440-8C61-37ADED48317D}.Debug|Any CPU.ActiveCfg = Debug|Any CPU
		{CA37B4CD-7230-4440-8C61-37ADED48317D}.Debug|Any CPU.Build.0 = Debug|Any CPU
		{CA37B4CD-7230-4440-8C61-37ADED48317D}.Release|Any CPU.ActiveCfg = Release|Any CPU
		{CA37B4CD-7230-4440-8C61-37ADED48317D}.Release|Any CPU.Build.0 = Release|Any CPU
		{79D26F96-8290-4DB0-BF64-18A0610E7069}.Debug|Any CPU.ActiveCfg = Debug|Any CPU
		{79D26F96-8290-4DB0-BF64-18A0610E7069}.Debug|Any CPU.Build.0 = Debug|Any CPU
		{79D26F96-8290-4DB0-BF64-18A0610E7069}.Release|Any CPU.ActiveCfg = Release|Any CPU
		{79D26F96-8290-4DB0-BF64-18A0610E7069}.Release|Any CPU.Build.0 = Release|Any CPU
	EndGlobalSection
	GlobalSection(SolutionProperties) = preSolution
		HideSolutionNode = FALSE
	EndGlobalSection
	GlobalSection(ExtensibilityGlobals) = postSolution
		SolutionGuid = {9AD9EFB0-0B85-4909-BCB1-127B12ED7F6E}
	EndGlobalSection
EndGlobal
